
Microsoft Visual Studio Solution File, Format Version 12.00
# Visual Studio Version 17
VisualStudioVersion = 17.9.34616.47
MinimumVisualStudioVersion = 10.0.40219.1
Project("{FAE04EC0-301F-11D3-BF4B-00C04F79EFBC}") = "mensajeria", "mensajeria.csproj", "{30A4B691-5017-4960-B3F9-D74A4C4987A2}"
EndProject
Global
	GlobalSection(SolutionConfigurationPlatforms) = preSolution
		Debug|Any CPU = Debug|Any CPU
		Release|Any CPU = Release|Any CPU
	EndGlobalSection
	GlobalSection(ProjectConfigurationPlatforms) = postSolution
		{30A4B691-5017-4960-B3F9-D74A4C4987A2}.Debug|Any CPU.ActiveCfg = Debug|Any CPU
		{30A4B691-5017-4960-B3F9-D74A4C4987A2}.Debug|Any CPU.Build.0 = Debug|Any CPU
		{30A4B691-5017-4960-B3F9-D74A4C4987A2}.Release|Any CPU.ActiveCfg = Release|Any CPU
		{30A4B691-5017-4960-B3F9-D74A4C4987A2}.Release|Any CPU.Build.0 = Release|Any CPU
	EndGlobalSection
	GlobalSection(SolutionProperties) = preSolution
		HideSolutionNode = FALSE
	EndGlobalSection
	GlobalSection(ExtensibilityGlobals) = postSolution
		SolutionGuid = {0362AE1A-B253-4DAB-8CB7-3D6784749DF6}
	EndGlobalSection
EndGlobal
